Microsoft Visual Studio Solution File, Format Version 12.00
# Visual Studio Version 17
VisualStudioVersion = 17.0.31903.59
MinimumVisualStudioVersion = 10.0.40219.1
Project("{9A19103F-16F7-4668-BE54-9A1E7A4F7556}") = "Poly.Components", "src\Poly.Components\Poly.Components.csproj", "{DB85410F-55F1-494B-A2C1-F275126DEC8E}"
EndProject
Project("{9A19103F-16F7-4668-BE54-9A1E7A4F7556}") = "Poly.Components.Demo.Wasm", "example\Poly.Components.Demo.Wasm\Poly.Components.Demo.Wasm.csproj", "{A20DBE7B-36C8-4DFA-9949-C4196F5CA3E7}"
EndProject
Global
	GlobalSection(SolutionConfigurationPlatforms) = preSolution
		Debug|Any CPU = Debug|Any CPU
		Release|Any CPU = Release|Any CPU
	EndGlobalSection
	GlobalSection(ProjectConfigurationPlatforms) = postSolution
		{DB85410F-55F1-494B-A2C1-F275126DEC8E}.Debug|Any CPU.ActiveCfg = Debug|Any CPU
		{DB85410F-55F1-494B-A2C1-F275126DEC8E}.Debug|Any CPU.Build.0 = Debug|Any CPU
		{DB85410F-55F1-494B-A2C1-F275126DEC8E}.Release|Any CPU.ActiveCfg = Release|Any CPU
		{DB85410F-55F1-494B-A2C1-F275126DEC8E}.Release|Any CPU.Build.0 = Release|Any CPU
		{A20DBE7B-36C8-4DFA-9949-C4196F5CA3E7}.Debug|Any CPU.ActiveCfg = Debug|Any CPU
		{A20DBE7B-36C8-4DFA-9949-C4196F5CA3E7}.Debug|Any CPU.Build.0 = Debug|Any CPU
		{A20DBE7B-36C8-4DFA-9949-C4196F5CA3E7}.Release|Any CPU.ActiveCfg = Release|Any CPU
		{A20DBE7B-36C8-4DFA-9949-C4196F5CA3E7}.Release|Any CPU.Build.0 = Release|Any CPU
	EndGlobalSection
	GlobalSection(SolutionProperties) = preSolution
		HideSolutionNode = FALSE
	EndGlobalSection
	GlobalSection(ExtensibilityGlobals) = postSolution
		SolutionGuid = {F336E6FA-B85E-4727-A0B7-3DFA0C741483}
	EndGlobalSection
EndGlobal
